%{
  "elixir_make": {:hex, :elixir_make, "0.4.2", "332c649d08c18bc1ecc73b1befc68c647136de4f340b548844efc796405743bf", [:mix], [], "hexpm"},
  "msgpax": {:hex, :msgpax, "2.1.1", "833bc9ce6d3e073cf966fec94d3f976ca7100685b4f0efb6e30ef512f2e8a4d7", [:mix], [{:plug, "~> 1.0", [hex: :plug, repo: "hexpm", optional: true]}], "hexpm"},
}
